# Generated by pub
# See https://dart.dev/tools/pub/glossary#lockfile
packages:
  _fe_analyzer_shared:
    dependency: transitive
    description:
      name: _fe_analyzer_shared
      sha256: "16e298750b6d0af7ce8a3ba7c18c69c3785d11b15ec83f6dcd0ad2a0009b3cab"
      url: "https://pub.dev"
    source: hosted
    version: "76.0.0"
  _flutterfire_internals:
    dependency: transitive
    description:
      name: _flutterfire_internals
      sha256: "37a42d06068e2fe3deddb2da079a8c4d105f241225ba27b7122b37e9865fd8f7"
      url: "https://pub.dev"
    source: hosted
    version: "1.3.35"
  _macros:
    dependency: transitive
    description: dart
    source: sdk
    version: "0.3.3"
  analyzer:
    dependency: transitive
    description:
      name: analyzer
      sha256: "1f14db053a8c23e260789e9b0980fa27f2680dd640932cae5e1137cce0e46e1e"
      url: "https://pub.dev"
    source: hosted
    version: "6.11.0"
  ansicolor:
    dependency: transitive
    description:
      name: ansicolor
      sha256: "50e982d500bc863e1d703448afdbf9e5a72eb48840a4f766fa361ffd6877055f"
      url: "https://pub.dev"
    source: hosted
    version: "2.0.3"
  archive:
    dependency: transitive
    description:
      name: archive
      sha256: "2fde1607386ab523f7a36bb3e7edb43bd58e6edaf2ffb29d8a6d578b297fdbbd"
      url: "https://pub.dev"
    source: hosted
    version: "4.0.7"
  args:
    dependency: transitive
    description:
      name: args
      sha256: d0481093c50b1da8910eb0bb301626d4d8eb7284aa739614d2b394ee09e3ea04
      url: "https://pub.dev"
    source: hosted
    version: "2.7.0"
  asn1lib:
    dependency: transitive
    description:
      name: asn1lib
      sha256: "58082b3f0dca697204dbab0ef9ff208bfaea7767ea771076af9a343488428dda"
      url: "https://pub.dev"
    source: hosted
    version: "1.5.3"
  async:
    dependency: "direct main"
    description:
      name: async
      sha256: "947bfcf187f74dbc5e146c9eb9c0f10c9f8b30743e341481c1e2ed3ecc18c20c"
      url: "https://pub.dev"
    source: hosted
    version: "2.11.0"
  boolean_selector:
    dependency: transitive
    description:
      name: boolean_selector
      sha256: "6cfb5af12253eaf2b368f07bacc5a80d1301a071c73360d746b7f2e32d762c66"
      url: "https://pub.dev"
    source: hosted
    version: "2.1.1"
  characters:
    dependency: transitive
    description:
      name: characters
      sha256: "04a925763edad70e8443c99234dc3328f442e811f1d8fd1a72f1c8ad0f69a605"
      url: "https://pub.dev"
    source: hosted
    version: "1.3.0"
  checked_yaml:
    dependency: transitive
    description:
      name: checked_yaml
      sha256: feb6bed21949061731a7a75fc5d2aa727cf160b91af9a3e464c5e3a32e28b5ff
      url: "https://pub.dev"
    source: hosted
    version: "2.0.3"
  cli_config:
    dependency: transitive
    description:
      name: cli_config
      sha256: ac20a183a07002b700f0c25e61b7ee46b23c309d76ab7b7640a028f18e4d99ec
      url: "https://pub.dev"
    source: hosted
    version: "0.2.0"
  cli_util:
    dependency: transitive
    description:
      name: cli_util
      sha256: ff6785f7e9e3c38ac98b2fb035701789de90154024a75b6cb926445e83197d1c
      url: "https://pub.dev"
    source: hosted
    version: "0.4.2"
  clock:
    dependency: transitive
    description:
      name: clock
      sha256: cb6d7f03e1de671e34607e909a7213e31d7752be4fb66a86d29fe1eb14bfb5cf
      url: "https://pub.dev"
    source: hosted
    version: "1.1.1"
  cloud_firestore:
    dependency: "direct main"
    description:
      name: cloud_firestore
      sha256: a0f161b92610e078b4962d7e6ebeb66dc9cce0ada3514aeee442f68165d78185
      url: "https://pub.dev"
    source: hosted
    version: "4.17.5"
  cloud_firestore_platform_interface:
    dependency: transitive
    description:
      name: cloud_firestore_platform_interface
      sha256: "6a55b319f8d33c307396b9104512e8130a61904528ab7bd8b5402678fca54b81"
      url: "https://pub.dev"
    source: hosted
    version: "6.2.5"
  cloud_firestore_web:
    dependency: transitive
    description:
      name: cloud_firestore_web
      sha256: "89dfa1304d3da48b3039abbb2865e3d30896ef858e569a16804a99f4362283a9"
      url: "https://pub.dev"
    source: hosted
    version: "3.12.5"
  cloud_functions:
    dependency: "direct main"
    description:
      name: cloud_functions
      sha256: ddec68a2fbee603527c009bb20c6bd071559dfa87fda55d9d92052d1ebff5377
      url: "https://pub.dev"
    source: hosted
    version: "4.7.6"
  cloud_functions_platform_interface:
    dependency: transitive
    description:
      name: cloud_functions_platform_interface
      sha256: "0c6fca0e64fc2d3a3834d39f99b0ee6f76d96f94bb5acf4593af891df914d175"
      url: "https://pub.dev"
    source: hosted
    version: "5.5.28"
  cloud_functions_web:
    dependency: transitive
    description:
      name: cloud_functions_web
      sha256: af536e7c7223c64250c6cc384dc553d76bbacc9b9127389df0c654887f203911
      url: "https://pub.dev"
    source: hosted
    version: "4.9.6"
  collection:
    dependency: transitive
    description:
      name: collection
      sha256: a1ace0a119f20aabc852d165077c036cd864315bd99b7eaa10a60100341941bf
      url: "https://pub.dev"
    source: hosted
    version: "1.19.0"
  convert:
    dependency: transitive
    description:
      name: convert
      sha256: "0f08b14755d163f6e2134cb58222dd25ea2a2ee8a195e53983d57c075324d592"
      url: "https://pub.dev"
    source: hosted
    version: "3.1.1"
  coverage:
    dependency: transitive
    description:
      name: coverage
      sha256: "5da775aa218eaf2151c721b16c01c7676fbfdd99cebba2bf64e8b807a28ff94d"
      url: "https://pub.dev"
    source: hosted
    version: "1.15.0"
  crypto:
    dependency: "direct main"
    description:
      name: crypto
      sha256: ec30d999af904f33454ba22ed9a86162b35e52b44ac4807d1d93c288041d7d27
      url: "https://pub.dev"
    source: hosted
    version: "3.0.5"
  csslib:
    dependency: transitive
    description:
      name: csslib
      sha256: "706b5707578e0c1b4b7550f64078f0a0f19dec3f50a178ffae7006b0a9ca58fb"
      url: "https://pub.dev"
    source: hosted
    version: "1.0.0"
  cupertino_icons:
    dependency: "direct main"
    description:
      name: cupertino_icons
      sha256: ba631d1c7f7bef6b729a622b7b752645a2d076dba9976925b8f25725a30e1ee6
      url: "https://pub.dev"
    source: hosted
    version: "1.0.8"
  dots_indicator:
    dependency: transitive
    description:
      name: dots_indicator
      sha256: c070af5058a084ba7b354df4b4c26c719595d70a3531eea6edd8af8716684ba3
      url: "https://pub.dev"
    source: hosted
    version: "4.0.1"
  encrypt:
    dependency: "direct main"
    description:
      name: encrypt
      sha256: "62d9aa4670cc2a8798bab89b39fc71b6dfbacf615de6cf5001fb39f7e4a996a2"
      url: "https://pub.dev"
    source: hosted
    version: "5.0.3"
  extra_pedantic:
    dependency: transitive
    description:
      name: extra_pedantic
      sha256: eb9cc0842dc1c980f00fd226364456d2169d54f7118b8ae16443188063edce0b
      url: "https://pub.dev"
    source: hosted
    version: "1.5.0"
  fake_async:
    dependency: transitive
    description:
      name: fake_async
      sha256: "511392330127add0b769b75a987850d136345d9227c6b94c96a04cf4a391bf78"
      url: "https://pub.dev"
    source: hosted
    version: "1.3.1"
  ffi:
    dependency: transitive
    description:
      name: ffi
      sha256: "16ed7b077ef01ad6170a3d0c57caa4a112a38d7a2ed5602e0aca9ca6f3d98da6"
      url: "https://pub.dev"
    source: hosted
    version: "2.1.3"
  file:
    dependency: transitive
    description:
      name: file
      sha256: a3b4f84adafef897088c160faf7dfffb7696046cb13ae90b508c2cbc95d3b8d4
      url: "https://pub.dev"
    source: hosted
    version: "7.0.1"
  firebase_app_check:
    dependency: "direct main"
    description:
      name: firebase_app_check
      sha256: "8f8c54d00bd26e94b507c78f575f86c5f441d72b5f39b67ac743d9271e89bfaa"
      url: "https://pub.dev"
    source: hosted
    version: "0.2.2"
  firebase_app_check_platform_interface:
    dependency: transitive
    description:
      name: firebase_app_check_platform_interface
      sha256: "4eb67ee2ecc597c6b1421fcfd1e721aff35928e70cc471aa7fca9c79c15292bf"
      url: "https://pub.dev"
    source: hosted
    version: "0.1.0+22"
  firebase_app_check_web:
    dependency: transitive
    description:
      name: firebase_app_check_web
      sha256: "57cb0d2c41fe31d45a37d62b9d91d93ed192f0d85b36ed28107493332f9d9ebe"
      url: "https://pub.dev"
    source: hosted
    version: "0.1.2"
  firebase_auth:
    dependency: "direct main"
    description:
      name: firebase_auth
      sha256: ea95cd29e27e8ec1971af263d74b208ce85dbc7df9197d8b5eab2aa7de7cfea8
      url: "https://pub.dev"
    source: hosted
    version: "4.19.6"
  firebase_auth_platform_interface:
    dependency: transitive
    description:
      name: firebase_auth_platform_interface
      sha256: c252d2c97a02cf03fbf3595c5f7edf2a731062356b09d2c338f0b3d63567239f
      url: "https://pub.dev"
    source: hosted
    version: "7.2.7"
  firebase_auth_web:
    dependency: transitive
    description:
      name: firebase_auth_web
      sha256: "5db2319d59b4bb08cf0cc26e0f110f9ae1cf9cf775ce516e5cc38cd6704253de"
      url: "https://pub.dev"
    source: hosted
    version: "5.11.6"
  firebase_core:
    dependency: "direct main"
    description:
      name: firebase_core
      sha256: "26de145bb9688a90962faec6f838247377b0b0d32cc0abecd9a4e43525fc856c"
      url: "https://pub.dev"
    source: hosted
    version: "2.32.0"
  firebase_core_platform_interface:
    dependency: transitive
    description:
      name: firebase_core_platform_interface
      sha256: c437ae5d17e6b5cc7981cf6fd458a5db4d12979905f9aafd1fea930428a9fe63
      url: "https://pub.dev"
    source: hosted
    version: "5.0.0"
  firebase_core_web:
    dependency: transitive
    description:
      name: firebase_core_web
      sha256: "43d9e951ac52b87ae9cc38ecdcca1e8fa7b52a1dd26a96085ba41ce5108db8e9"
      url: "https://pub.dev"
    source: hosted
    version: "2.17.0"
  firebase_messaging:
    dependency: "direct main"
    description:
      name: firebase_messaging
      sha256: a1662cc95d9750a324ad9df349b873360af6f11414902021f130c68ec02267c4
      url: "https://pub.dev"
    source: hosted
    version: "14.9.4"
  firebase_messaging_platform_interface:
    dependency: transitive
    description:
      name: firebase_messaging_platform_interface
      sha256: "87c4a922cb6f811cfb7a889bdbb3622702443c52a0271636cbc90d813ceac147"
      url: "https://pub.dev"
    source: hosted
    version: "4.5.37"
  firebase_messaging_web:
    dependency: transitive
    description:
      name: firebase_messaging_web
      sha256: "0d34dca01a7b103ed7f20138bffbb28eb0e61a677bf9e78a028a932e2c7322d5"
      url: "https://pub.dev"
    source: hosted
    version: "3.8.7"
  fixnum:
    dependency: transitive
    description:
      name: fixnum
      sha256: "25517a4deb0c03aa0f32fd12db525856438902d9c16536311e76cdc57b31d7d1"
      url: "https://pub.dev"
    source: hosted
    version: "1.1.0"
  flutter:
    dependency: "direct main"
    description: flutter
    source: sdk
    version: "0.0.0"
  flutter_keyboard_visibility:
    dependency: transitive
    description:
      name: flutter_keyboard_visibility
      sha256: "98664be7be0e3ffca00de50f7f6a287ab62c763fc8c762e0a21584584a3ff4f8"
      url: "https://pub.dev"
    source: hosted
    version: "6.0.0"
  flutter_keyboard_visibility_linux:
    dependency: transitive
    description:
      name: flutter_keyboard_visibility_linux
      sha256: "6fba7cd9bb033b6ddd8c2beb4c99ad02d728f1e6e6d9b9446667398b2ac39f08"
      url: "https://pub.dev"
    source: hosted
    version: "1.0.0"
  flutter_keyboard_visibility_macos:
    dependency: transitive
    description:
      name: flutter_keyboard_visibility_macos
      sha256: c5c49b16fff453dfdafdc16f26bdd8fb8d55812a1d50b0ce25fc8d9f2e53d086
      url: "https://pub.dev"
    source: hosted
    version: "1.0.0"
  flutter_keyboard_visibility_platform_interface:
    dependency: transitive
    description:
      name: flutter_keyboard_visibility_platform_interface
      sha256: e43a89845873f7be10cb3884345ceb9aebf00a659f479d1c8f4293fcb37022a4
      url: "https://pub.dev"
    source: hosted
    version: "2.0.0"
  flutter_keyboard_visibility_web:
    dependency: transitive
    description:
      name: flutter_keyboard_visibility_web
      sha256: d3771a2e752880c79203f8d80658401d0c998e4183edca05a149f5098ce6e3d1
      url: "https://pub.dev"
    source: hosted
    version: "2.0.0"
  flutter_keyboard_visibility_windows:
    dependency: transitive
    description:
      name: flutter_keyboard_visibility_windows
      sha256: fc4b0f0b6be9b93ae527f3d527fb56ee2d918cd88bbca438c478af7bcfd0ef73
      url: "https://pub.dev"
    source: hosted
    version: "1.0.0"
  flutter_launcher_icons:
    dependency: "direct dev"
    description:
      name: flutter_launcher_icons
      sha256: "10f13781741a2e3972126fae08393d3c4e01fa4cd7473326b94b72cf594195e7"
      url: "https://pub.dev"
    source: hosted
    version: "0.14.4"
  flutter_lints:
    dependency: "direct dev"
    description:
      name: flutter_lints
      sha256: "9e8c3858111da373efc5aa341de011d9bd23e2c5c5e0c62bccf32438e192d7b1"
      url: "https://pub.dev"
    source: hosted
    version: "3.0.2"
  flutter_localizations:
    dependency: "direct main"
    description: flutter
    source: sdk
    version: "0.0.0"
  flutter_native_splash:
    dependency: "direct main"
    description:
      name: flutter_native_splash
      sha256: "7062602e0dbd29141fb8eb19220b5871ca650be5197ab9c1f193a28b17537bc7"
      url: "https://pub.dev"
    source: hosted
    version: "2.4.4"
  flutter_plugin_android_lifecycle:
    dependency: transitive
    description:
      name: flutter_plugin_android_lifecycle
      sha256: c6b0b4c05c458e1c01ad9bcc14041dd7b1f6783d487be4386f793f47a8a4d03e
      url: "https://pub.dev"
    source: hosted
    version: "2.0.20"
  flutter_svg:
    dependency: "direct main"
    description:
      name: flutter_svg
      sha256: d44bf546b13025ec7353091516f6881f1d4c633993cb109c3916c3a0159dadf1
      url: "https://pub.dev"
    source: hosted
    version: "2.1.0"
  flutter_test:
    dependency: "direct dev"
    description: flutter
    source: sdk
    version: "0.0.0"
  flutter_web_plugins:
    dependency: transitive
    description: flutter
    source: sdk
    version: "0.0.0"
  frontend_server_client:
    dependency: transitive
    description:
      name: frontend_server_client
      sha256: f64a0333a82f30b0cca061bc3d143813a486dc086b574bfb233b7c1372427694
      url: "https://pub.dev"
    source: hosted
    version: "4.0.0"
  geocoding:
    dependency: "direct main"
    description:
      name: geocoding
      sha256: d580c801cba9386b4fac5047c4c785a4e19554f46be42f4f5e5b7deacd088a66
      url: "https://pub.dev"
    source: hosted
    version: "3.0.0"
  geocoding_android:
    dependency: transitive
    description:
      name: geocoding_android
      sha256: "1b13eca79b11c497c434678fed109c2be020b158cec7512c848c102bc7232603"
      url: "https://pub.dev"
    source: hosted
    version: "3.3.1"
  geocoding_ios:
    dependency: transitive
    description:
      name: geocoding_ios
      sha256: "94ddba60387501bd1c11e18dca7c5a9e8c645d6e3da9c38b9762434941870c24"
      url: "https://pub.dev"
    source: hosted
    version: "3.0.1"
  geocoding_platform_interface:
    dependency: transitive
    description:
      name: geocoding_platform_interface
      sha256: "8c2c8226e5c276594c2e18bfe88b19110ed770aeb7c1ab50ede570be8b92229b"
      url: "https://pub.dev"
    source: hosted
    version: "3.2.0"
  geodesy:
    dependency: transitive
    description:
      name: geodesy
      sha256: d9959000de938adf760f946546ccbf9ebdff8f4f6d0b5c54e8b8b1ed350b1028
      url: "https://pub.dev"
    source: hosted
    version: "0.4.0-nullsafety.0"
  geoflutterfire2:
    dependency: "direct main"
    description:
      name: geoflutterfire2
      sha256: "343a3ef87f81f39e64a2b82ee392efa93fa646475564853daca565afc38096bb"
      url: "https://pub.dev"
    source: hosted
    version: "2.3.15"
  geohash_plus:
    dependency: "direct main"
    description:
      name: geohash_plus
      sha256: "2735f559b1ee1ee04ff44f771efb98666ab42410b4bbf89773b950b7418995db"
      url: "https://pub.dev"
    source: hosted
    version: "1.1.1"
  geojson:
    dependency: "direct main"
    description:
      name: geojson
      sha256: "8aab8116d074e92ef2d1ade25ec5ae90ea8bf024a920ab46703c433ffe08878f"
      url: "https://pub.dev"
    source: hosted
    version: "1.0.0"
  geolocator:
    dependency: "direct main"
    description:
      name: geolocator
      sha256: "149876cc5207a0f5daf4fdd3bfcf0a0f27258b3fe95108fa084f527ad0568f1b"
      url: "https://pub.dev"
    source: hosted
    version: "12.0.0"
  geolocator_android:
    dependency: transitive
    description:
      name: geolocator_android
      sha256: "00c7177a95823dd3ee35ef42fd8666cd27d219ae14cea472ac76a21dff43000b"
      url: "https://pub.dev"
    source: hosted
    version: "4.6.0"
  geolocator_apple:
    dependency: transitive
    description:
      name: geolocator_apple
      sha256: bc2aca02423ad429cb0556121f56e60360a2b7d694c8570301d06ea0c00732fd
      url: "https://pub.dev"
    source: hosted
    version: "2.3.7"
  geolocator_platform_interface:
    dependency: transitive
    description:
      name: geolocator_platform_interface
      sha256: c6005787efe9e27cb0f6b50230c217e6f0ef8e1e7a8b854efb4f46489e502603
      url: "https://pub.dev"
    source: hosted
    version: "4.2.3"
  geolocator_web:
    dependency: transitive
    description:
      name: geolocator_web
      sha256: "7a22f400d831f924a89d931ba126a10e6b8b437f31e6b9311320435f3e1571bd"
      url: "https://pub.dev"
    source: hosted
    version: "4.0.0"
  geolocator_windows:
    dependency: transitive
    description:
      name: geolocator_windows
      sha256: "53da08937d07c24b0d9952eb57a3b474e29aae2abf9dd717f7e1230995f13f0e"
      url: "https://pub.dev"
    source: hosted
    version: "0.2.3"
  geopoint:
    dependency: transitive
    description:
      name: geopoint
      sha256: "594afb50a689e6584b80b7de8332c83a78e50725dc4324b2c014d19c56de5e3f"
      url: "https://pub.dev"
    source: hosted
    version: "1.0.0"
  glob:
    dependency: transitive
    description:
      name: glob
      sha256: c3f1ee72c96f8f78935e18aa8cecced9ab132419e8625dc187e1c2408efc20de
      url: "https://pub.dev"
    source: hosted
    version: "2.1.3"
  google_identity_services_web:
    dependency: transitive
    description:
      name: google_identity_services_web
      sha256: "9482364c9f8b7bd36902572ebc3a7c2b5c8ee57a9c93e6eb5099c1a9ec5265d8"
      url: "https://pub.dev"
    source: hosted
    version: "0.3.1+1"
  google_maps:
    dependency: transitive
    description:
      name: google_maps
      sha256: "47eef3836b49bb030d5cb3afc60b8451408bf34cf753e571b645d6529eb4251a"
      url: "https://pub.dev"
    source: hosted
    version: "7.1.0"
  google_maps_flutter:
    dependency: "direct main"
    description:
      name: google_maps_flutter
      sha256: acf0ec482d86b2ac55ade80597ce7f797a47971f5210ebfd030f0d58130e0a94
      url: "https://pub.dev"
    source: hosted
    version: "2.7.0"
  google_maps_flutter_android:
    dependency: transitive
    description:
      name: google_maps_flutter_android
      sha256: b9ddc35f8b55fd70a196e43a61594abce5c41bc0843ea078a97679a9791749fe
      url: "https://pub.dev"
    source: hosted
    version: "2.9.0"
  google_maps_flutter_ios:
    dependency: transitive
    description:
      name: google_maps_flutter_ios
      sha256: d2d63ae17297a5b045ec115572c5a86fa4e53bb6eceaa0c6d200ac5ca69bfca4
      url: "https://pub.dev"
    source: hosted
    version: "2.7.0"
  google_maps_flutter_platform_interface:
    dependency: transitive
    description:
      name: google_maps_flutter_platform_interface
      sha256: "2bf21aa97edba4461282af5de693b354e589d09f695f7a6f80437d084a29687e"
      url: "https://pub.dev"
    source: hosted
    version: "2.7.1"
  google_maps_flutter_web:
    dependency: transitive
    description:
      name: google_maps_flutter_web
      sha256: f3155c12119d8a5c2732fdf39ceb5cc095bc662059a03b4ea23294ecebe1d199
      url: "https://pub.dev"
    source: hosted
    version: "0.5.8"
  google_mobile_ads:
    dependency: "direct main"
    description:
      name: google_mobile_ads
      sha256: a4f59019f2c32769fb6c60ed8aa321e9c21a36297e2c4f23452b3e779a3e7a26
      url: "https://pub.dev"
    source: hosted
    version: "6.0.0"
  google_sign_in:
    dependency: "direct main"
    description:
      name: google_sign_in
      sha256: "0b8787cb9c1a68ad398e8010e8c8766bfa33556d2ab97c439fb4137756d7308f"
      url: "https://pub.dev"
    source: hosted
    version: "6.2.1"
  google_sign_in_android:
    dependency: transitive
    description:
      name: google_sign_in_android
      sha256: "7647893c65e6720973f0e579051c8f84b877b486614d9f70a404259c41a4632e"
      url: "https://pub.dev"
    source: hosted
    version: "6.1.23"
  google_sign_in_ios:
    dependency: transitive
    description:
      name: google_sign_in_ios
      sha256: a058c9880be456f21e2e8571c1126eaacd570bdc5b6c6d9d15aea4bdf22ca9fe
      url: "https://pub.dev"
    source: hosted
    version: "5.7.6"
  google_sign_in_platform_interface:
    dependency: transitive
    description:
      name: google_sign_in_platform_interface
      sha256: "1f6e5787d7a120cc0359ddf315c92309069171306242e181c09472d1b00a2971"
      url: "https://pub.dev"
    source: hosted
    version: "2.4.5"
  google_sign_in_web:
    dependency: transitive
    description:
      name: google_sign_in_web
      sha256: fc0f14ed45ea616a6cfb4d1c7534c2221b7092cc4f29a709f0c3053cc3e821bd
      url: "https://pub.dev"
    source: hosted
    version: "0.12.4"
  html:
    dependency: transitive
    description:
      name: html
      sha256: "3a7812d5bcd2894edf53dfaf8cd640876cf6cef50a8f238745c8b8120ea74d3a"
      url: "https://pub.dev"
    source: hosted
    version: "0.15.4"
  http:
    dependency: "direct main"
    description:
      name: http
      sha256: "761a297c042deedc1ffbb156d6e2af13886bb305c2a343a4d972504cd67dd938"
      url: "https://pub.dev"
    source: hosted
    version: "1.2.1"
  http_multi_server:
    dependency: transitive
    description:
      name: http_multi_server
      sha256: aa6199f908078bb1c5efb8d8638d4ae191aac11b311132c3ef48ce352fb52ef8
      url: "https://pub.dev"
    source: hosted
    version: "3.2.2"
  http_parser:
    dependency: transitive
    description:
      name: http_parser
      sha256: "2aa08ce0341cc9b354a498388e30986515406668dbcc4f7c950c3e715496693b"
      url: "https://pub.dev"
    source: hosted
    version: "4.0.2"
  image:
    dependency: transitive
    description:
      name: image
      sha256: "4e973fcf4caae1a4be2fa0a13157aa38a8f9cb049db6529aa00b4d71abc4d928"
      url: "https://pub.dev"
    source: hosted
    version: "4.5.4"
  intl:
    dependency: "direct main"
    description:
      name: intl
      sha256: d6f56758b7d3014a48af9701c085700aac781a92a87a62b1333b46d8879661cf
      url: "https://pub.dev"
    source: hosted
    version: "0.19.0"
  introduction_screen:
    dependency: "direct main"
    description:
      name: introduction_screen
      sha256: "02c123e074ee85b0ad0a8d3cd990f1eae78d5cfb2ac4588ad3703ac2a07fb5b0"
      url: "https://pub.dev"
    source: hosted
    version: "3.1.17"
  io:
    dependency: transitive
    description:
      name: io
      sha256: dfd5a80599cf0165756e3181807ed3e77daf6dd4137caaad72d0b7931597650b
      url: "https://pub.dev"
    source: hosted
    version: "1.0.5"
  iso:
    dependency: transitive
    description:
      name: iso
      sha256: "7030a1a096f7924deb6cccde6c7d80473dddd54eeedf20402e3d6e51b1672b27"
      url: "https://pub.dev"
    source: hosted
    version: "1.0.0"
  js:
    dependency: transitive
    description:
      name: js
      sha256: f2c445dce49627136094980615a031419f7f3eb393237e4ecd97ac15dea343f3
      url: "https://pub.dev"
    source: hosted
    version: "0.6.7"
  js_wrapping:
    dependency: transitive
    description:
      name: js_wrapping
      sha256: e385980f7c76a8c1c9a560dfb623b890975841542471eade630b2871d243851c
      url: "https://pub.dev"
    source: hosted
    version: "0.7.4"
  json_annotation:
    dependency: transitive
    description:
      name: json_annotation
      sha256: "1ce844379ca14835a50d2f019a3099f419082cfdd231cd86a142af94dd5c6bb1"
      url: "https://pub.dev"
    source: hosted
    version: "4.9.0"
  latlong2:
    dependency: transitive
    description:
      name: latlong2
      sha256: "08ef7282ba9f76e8495e49e2dc4d653015ac929dce5f92b375a415d30b407ea0"
      url: "https://pub.dev"
    source: hosted
    version: "0.8.2"
  leak_tracker:
    dependency: transitive
    description:
      name: leak_tracker
      sha256: "7bb2830ebd849694d1ec25bf1f44582d6ac531a57a365a803a6034ff751d2d06"
      url: "https://pub.dev"
    source: hosted
    version: "10.0.7"
  leak_tracker_flutter_testing:
    dependency: transitive
    description:
      name: leak_tracker_flutter_testing
      sha256: "9491a714cca3667b60b5c420da8217e6de0d1ba7a5ec322fab01758f6998f379"
      url: "https://pub.dev"
    source: hosted
    version: "3.0.8"
  leak_tracker_testing:
    dependency: transitive
    description:
      name: leak_tracker_testing
      sha256: "6ba465d5d76e67ddf503e1161d1f4a6bc42306f9d66ca1e8f079a47290fb06d3"
      url: "https://pub.dev"
    source: hosted
    version: "3.0.1"
  lints:
    dependency: transitive
    description:
      name: lints
      sha256: cbf8d4b858bb0134ef3ef87841abdf8d63bfc255c266b7bf6b39daa1085c4290
      url: "https://pub.dev"
    source: hosted
    version: "3.0.0"
  logging:
    dependency: transitive
    description:
      name: logging
      sha256: c8245ada5f1717ed44271ed1c26b8ce85ca3228fd2ffdb75468ab01979309d61
      url: "https://pub.dev"
    source: hosted
    version: "1.3.0"
  macros:
    dependency: transitive
    description:
      name: macros
      sha256: "1d9e801cd66f7ea3663c45fc708450db1fa57f988142c64289142c9b7ee80656"
      url: "https://pub.dev"
    source: hosted
    version: "0.1.3-main.0"
  matcher:
    dependency: transitive
    description:
      name: matcher
      sha256: d2323aa2060500f906aa31a895b4030b6da3ebdcc5619d14ce1aada65cd161cb
      url: "https://pub.dev"
    source: hosted
    version: "0.12.16+1"
  material_color_utilities:
    dependency: transitive
    description:
      name: material_color_utilities
      sha256: f7142bb1154231d7ea5f96bc7bde4bda2a0945d2806bb11670e30b850d56bdec
      url: "https://pub.dev"
    source: hosted
    version: "0.11.1"
  meta:
    dependency: transitive
    description:
      name: meta
      sha256: bdb68674043280c3428e9ec998512fb681678676b3c54e773629ffe74419f8c7
      url: "https://pub.dev"
    source: hosted
    version: "1.15.0"
  mime:
    dependency: transitive
    description:
      name: mime
      sha256: "41a20518f0cb1256669420fdba0cd90d21561e560ac240f26ef8322e45bb7ed6"
      url: "https://pub.dev"
    source: hosted
    version: "2.0.0"
  nested:
    dependency: transitive
    description:
      name: nested
      sha256: "03bac4c528c64c95c722ec99280375a6f2fc708eec17c7b3f07253b626cd2a20"
      url: "https://pub.dev"
    source: hosted
    version: "1.0.0"
  node_preamble:
    dependency: transitive
    description:
      name: node_preamble
      sha256: "6e7eac89047ab8a8d26cf16127b5ed26de65209847630400f9aefd7cd5c730db"
      url: "https://pub.dev"
    source: hosted
    version: "2.0.2"
  package_config:
    dependency: transitive
    description:
      name: package_config
      sha256: f096c55ebb7deb7e384101542bfba8c52696c1b56fca2eb62827989ef2353bbc
      url: "https://pub.dev"
    source: hosted
    version: "2.2.0"
  path:
    dependency: transitive
    description:
      name: path
      sha256: "087ce49c3f0dc39180befefc60fdb4acd8f8620e5682fe2476afd0b3688bb4af"
      url: "https://pub.dev"
    source: hosted
    version: "1.9.0"
  path_parsing:
    dependency: transitive
    description:
      name: path_parsing
      sha256: "883402936929eac138ee0a45da5b0f2c80f89913e6dc3bf77eb65b84b409c6ca"
      url: "https://pub.dev"
    source: hosted
    version: "1.1.0"
  path_provider:
    dependency: "direct main"
    description:
      name: path_provider
      sha256: "50c5dd5b6e1aaf6fb3a78b33f6aa3afca52bf903a8a5298f53101fdaee55bbcd"
      url: "https://pub.dev"
    source: hosted
    version: "2.1.5"
  path_provider_android:
    dependency: transitive
    description:
      name: path_provider_android
      sha256: d0d310befe2c8ab9e7f393288ccbb11b60c019c6b5afc21973eeee4dda2b35e9
      url: "https://pub.dev"
    source: hosted
    version: "2.2.17"
  path_provider_foundation:
    dependency: transitive
    description:
      name: path_provider_foundation
      sha256: "4843174df4d288f5e29185bd6e72a6fbdf5a4a4602717eed565497429f179942"
      url: "https://pub.dev"
    source: hosted
    version: "2.4.1"
  path_provider_linux:
    dependency: transitive
    description:
      name: path_provider_linux
      sha256: f7a1fe3a634fe7734c8d3f2766ad746ae2a2884abe22e241a8b301bf5cac3279
      url: "https://pub.dev"
    source: hosted
    version: "2.2.1"
  path_provider_platform_interface:
    dependency: transitive
    description:
      name: path_provider_platform_interface
      sha256: "88f5779f72ba699763fa3a3b06aa4bf6de76c8e5de842cf6f29e2e06476c2334"
      url: "https://pub.dev"
    source: hosted
    version: "2.1.2"
  path_provider_windows:
    dependency: transitive
    description:
      name: path_provider_windows
      sha256: bd6f00dbd873bfb70d0761682da2b3a2c2fccc2b9e84c495821639601d81afe7
      url: "https://pub.dev"
    source: hosted
    version: "2.3.0"
  pedantic:
    dependency: transitive
    description:
      name: pedantic
      sha256: "67fc27ed9639506c856c840ccce7594d0bdcd91bc8d53d6e52359449a1d50602"
      url: "https://pub.dev"
    source: hosted
    version: "1.11.1"
  permission_handler:
    dependency: "direct main"
    description:
      name: permission_handler
      sha256: "18bf33f7fefbd812f37e72091a15575e72d5318854877e0e4035a24ac1113ecb"
      url: "https://pub.dev"
    source: hosted
    version: "11.3.1"
  permission_handler_android:
    dependency: transitive
    description:
      name: permission_handler_android
      sha256: b29a799ca03be9f999aa6c39f7de5209482d638e6f857f6b93b0875c618b7e54
      url: "https://pub.dev"
    source: hosted
    version: "12.0.7"
  permission_handler_apple:
    dependency: transitive
    description:
      name: permission_handler_apple
      sha256: e6f6d73b12438ef13e648c4ae56bd106ec60d17e90a59c4545db6781229082a0
      url: "https://pub.dev"
    source: hosted
    version: "9.4.5"
  permission_handler_html:
    dependency: transitive
    description:
      name: permission_handler_html
      sha256: "54bf176b90f6eddd4ece307e2c06cf977fb3973719c35a93b85cc7093eb6070d"
      url: "https://pub.dev"
    source: hosted
    version: "0.1.1"
  permission_handler_platform_interface:
    dependency: transitive
    description:
      name: permission_handler_platform_interface
      sha256: "48d4fcf201a1dad93ee869ab0d4101d084f49136ec82a8a06ed9cfeacab9fd20"
      url: "https://pub.dev"
    source: hosted
    version: "4.2.1"
  permission_handler_windows:
    dependency: transitive
    description:
      name: permission_handler_windows
      sha256: "1a790728016f79a41216d88672dbc5df30e686e811ad4e698bfc51f76ad91f1e"
      url: "https://pub.dev"
    source: hosted
    version: "0.2.1"
  petitparser:
    dependency: transitive
    description:
      name: petitparser
      sha256: c15605cd28af66339f8eb6fbe0e541bfe2d1b72d5825efc6598f3e0a31b9ad27
      url: "https://pub.dev"
    source: hosted
    version: "6.0.2"
  platform:
    dependency: transitive
    description:
      name: platform
      sha256: "5d6b1b0036a5f331ebc77c850ebc8506cbc1e9416c27e59b439f917a902a4984"
      url: "https://pub.dev"
    source: hosted
    version: "3.1.6"
  plugin_platform_interface:
    dependency: transitive
    description:
      name: plugin_platform_interface
      sha256: "4820fbfdb9478b1ebae27888254d445073732dae3d6ea81f0b7e06d5dedc3f02"
      url: "https://pub.dev"
    source: hosted
    version: "2.1.8"
  pointycastle:
    dependency: transitive
    description:
      name: pointycastle
      sha256: "4be0097fcf3fd3e8449e53730c631200ebc7b88016acecab2b0da2f0149222fe"
      url: "https://pub.dev"
    source: hosted
    version: "3.9.1"
  pool:
    dependency: transitive
    description:
      name: pool
      sha256: "20fe868b6314b322ea036ba325e6fc0711a22948856475e2c2b6306e8ab39c2a"
      url: "https://pub.dev"
    source: hosted
    version: "1.5.1"
  posix:
    dependency: transitive
    description:
      name: posix
      sha256: f0d7856b6ca1887cfa6d1d394056a296ae33489db914e365e2044fdada449e62
      url: "https://pub.dev"
    source: hosted
    version: "6.0.2"
  provider:
    dependency: "direct main"
    description:
      name: provider
      sha256: c8a055ee5ce3fd98d6fc872478b03823ffdb448699c6ebdbbc71d59b596fd48c
      url: "https://pub.dev"
    source: hosted
    version: "6.1.2"
  pub_semver:
    dependency: transitive
    description:
      name: pub_semver
      sha256: "5bfcf68ca79ef689f8990d1160781b4bad40a3bd5e5218ad4076ddb7f4081585"
      url: "https://pub.dev"
    source: hosted
    version: "2.2.0"
  rxdart:
    dependency: transitive
    description:
      name: rxdart
      sha256: "0c7c0cedd93788d996e33041ffecda924cc54389199cde4e6a34b440f50044cb"
      url: "https://pub.dev"
    source: hosted
    version: "0.27.7"
  sanitize_html:
    dependency: transitive
    description:
      name: sanitize_html
      sha256: "12669c4a913688a26555323fb9cec373d8f9fbe091f2d01c40c723b33caa8989"
      url: "https://pub.dev"
    source: hosted
    version: "2.1.0"
  shared_preferences:
    dependency: "direct main"
    description:
      name: shared_preferences
      sha256: "6e8bf70b7fef813df4e9a36f658ac46d107db4b4cfe1048b477d4e453a8159f5"
      url: "https://pub.dev"
    source: hosted
    version: "2.5.3"
  shared_preferences_android:
    dependency: transitive
    description:
      name: shared_preferences_android
      sha256: "20cbd561f743a342c76c151d6ddb93a9ce6005751e7aa458baad3858bfbfb6ac"
      url: "https://pub.dev"
    source: hosted
    version: "2.4.10"
  shared_preferences_foundation:
    dependency: transitive
    description:
      name: shared_preferences_foundation
      sha256: "6a52cfcdaeac77cad8c97b539ff688ccfc458c007b4db12be584fbe5c0e49e03"
      url: "https://pub.dev"
    source: hosted
    version: "2.5.4"
  shared_preferences_linux:
    dependency: transitive
    description:
      name: shared_preferences_linux
      sha256: "580abfd40f415611503cae30adf626e6656dfb2f0cee8f465ece7b6defb40f2f"
      url: "https://pub.dev"
    source: hosted
    version: "2.4.1"
  shared_preferences_platform_interface:
    dependency: transitive
    description:
      name: shared_preferences_platform_interface
      sha256: "57cbf196c486bc2cf1f02b85784932c6094376284b3ad5779d1b1c6c6a816b80"
      url: "https://pub.dev"
    source: hosted
    version: "2.4.1"
  shared_preferences_web:
    dependency: transitive
    description:
      name: shared_preferences_web
      sha256: c49bd060261c9a3f0ff445892695d6212ff603ef3115edbb448509d407600019
      url: "https://pub.dev"
    source: hosted
    version: "2.4.3"
  shared_preferences_windows:
    dependency: transitive
    description:
      name: shared_preferences_windows
      sha256: "94ef0f72b2d71bc3e700e025db3710911bd51a71cefb65cc609dd0d9a982e3c1"
      url: "https://pub.dev"
    source: hosted
    version: "2.4.1"
  shelf:
    dependency: transitive
    description:
      name: shelf
      sha256: ad29c505aee705f41a4d8963641f91ac4cee3c8fad5947e033390a7bd8180fa4
      url: "https://pub.dev"
    source: hosted
    version: "1.4.1"
  shelf_packages_handler:
    dependency: transitive
    description:
      name: shelf_packages_handler
      sha256: "89f967eca29607c933ba9571d838be31d67f53f6e4ee15147d5dc2934fee1b1e"
      url: "https://pub.dev"
    source: hosted
    version: "3.0.2"
  shelf_static:
    dependency: transitive
    description:
      name: shelf_static
      sha256: c87c3875f91262785dade62d135760c2c69cb217ac759485334c5857ad89f6e3
      url: "https://pub.dev"
    source: hosted
    version: "1.1.3"
  shelf_web_socket:
    dependency: transitive
    description:
      name: shelf_web_socket
      sha256: cc36c297b52866d203dbf9332263c94becc2fe0ceaa9681d07b6ef9807023b67
      url: "https://pub.dev"
    source: hosted
    version: "2.0.1"
  sign_in_with_apple:
    dependency: "direct main"
    description:
      name: sign_in_with_apple
      sha256: e84a62e17b7e463abf0a64ce826c2cd1f0b72dff07b7b275e32d5302d76fb4c5
      url: "https://pub.dev"
    source: hosted
    version: "6.1.4"
  sign_in_with_apple_platform_interface:
    dependency: transitive
    description:
      name: sign_in_with_apple_platform_interface
      sha256: c2ef2ce6273fce0c61acd7e9ff5be7181e33d7aa2b66508b39418b786cca2119
      url: "https://pub.dev"
    source: hosted
    version: "1.1.0"
  sign_in_with_apple_web:
    dependency: transitive
    description:
      name: sign_in_with_apple_web
      sha256: "2f7c38368f49e3f2043bca4b46a4a61aaae568c140a79aa0675dc59ad0ca49bc"
      url: "https://pub.dev"
    source: hosted
    version: "2.1.1"
  sky_engine:
    dependency: transitive
    description: flutter
    source: sdk
    version: "0.0.0"
  slugify:
    dependency: transitive
    description:
      name: slugify
      sha256: b272501565cb28050cac2d96b7bf28a2d24c8dae359280361d124f3093d337c3
      url: "https://pub.dev"
    source: hosted
    version: "2.0.0"
  source_map_stack_trace:
    dependency: transitive
    description:
      name: source_map_stack_trace
      sha256: c0713a43e323c3302c2abe2a1cc89aa057a387101ebd280371d6a6c9fa68516b
      url: "https://pub.dev"
    source: hosted
    version: "2.1.2"
  source_maps:
    dependency: transitive
    description:
      name: source_maps
      sha256: "190222579a448b03896e0ca6eca5998fa810fda630c1d65e2f78b3f638f54812"
      url: "https://pub.dev"
    source: hosted
    version: "0.10.13"
  source_span:
    dependency: transitive
    description:
      name: source_span
      sha256: "53e943d4206a5e30df338fd4c6e7a077e02254531b138a15aec3bd143c1a8b3c"
      url: "https://pub.dev"
    source: hosted
    version: "1.10.0"
  sprintf:
    dependency: transitive
    description:
      name: sprintf
      sha256: "1fc9ffe69d4df602376b52949af107d8f5703b77cda567c4d7d86a0693120f23"
      url: "https://pub.dev"
    source: hosted
    version: "7.0.0"
  sqflite:
    dependency: "direct main"
    description:
      name: sqflite
      sha256: "2d7299468485dca85efeeadf5d38986909c5eb0cd71fd3db2c2f000e6c9454bb"
      url: "https://pub.dev"
    source: hosted
    version: "2.4.1"
  sqflite_android:
    dependency: transitive
    description:
      name: sqflite_android
      sha256: "78f489aab276260cdd26676d2169446c7ecd3484bbd5fead4ca14f3ed4dd9ee3"
      url: "https://pub.dev"
    source: hosted
    version: "2.4.0"
  sqflite_common:
    dependency: transitive
    description:
      name: sqflite_common
      sha256: "761b9740ecbd4d3e66b8916d784e581861fd3c3553eda85e167bc49fdb68f709"
      url: "https://pub.dev"
    source: hosted
    version: "2.5.4+6"
  sqflite_darwin:
    dependency: transitive
    description:
      name: sqflite_darwin
      sha256: "22adfd9a2c7d634041e96d6241e6e1c8138ca6817018afc5d443fef91dcefa9c"
      url: "https://pub.dev"
    source: hosted
    version: "2.4.1+1"
  sqflite_platform_interface:
    dependency: transitive
    description:
      name: sqflite_platform_interface
      sha256: "8dd4515c7bdcae0a785b0062859336de775e8c65db81ae33dd5445f35be61920"
      url: "https://pub.dev"
    source: hosted
    version: "2.4.0"
  stack_trace:
    dependency: transitive
    description:
      name: stack_trace
      sha256: "9f47fd3630d76be3ab26f0ee06d213679aa425996925ff3feffdec504931c377"
      url: "https://pub.dev"
    source: hosted
    version: "1.12.0"
  stream_channel:
    dependency: transitive
    description:
      name: stream_channel
      sha256: ba2aa5d8cc609d96bbb2899c28934f9e1af5cddbd60a827822ea467161eb54e7
      url: "https://pub.dev"
    source: hosted
    version: "2.1.2"
  stream_transform:
    dependency: transitive
    description:
      name: stream_transform
      sha256: "14a00e794c7c11aa145a170587321aedce29769c08d7f58b1d141da75e3b1c6f"
      url: "https://pub.dev"
    source: hosted
    version: "2.1.0"
  string_scanner:
    dependency: transitive
    description:
      name: string_scanner
      sha256: "688af5ed3402a4bde5b3a6c15fd768dbf2621a614950b17f04626c431ab3c4c3"
      url: "https://pub.dev"
    source: hosted
    version: "1.3.0"
  synchronized:
    dependency: transitive
    description:
      name: synchronized
      sha256: "69fe30f3a8b04a0be0c15ae6490fc859a78ef4c43ae2dd5e8a623d45bfcf9225"
      url: "https://pub.dev"
    source: hosted
    version: "3.3.0+3"
  term_glyph:
    dependency: transitive
    description:
      name: term_glyph
      sha256: a29248a84fbb7c79282b40b8c72a1209db169a2e0542bce341da992fe1bc7e84
      url: "https://pub.dev"
    source: hosted
    version: "1.2.1"
  test:
    dependency: "direct dev"
    description:
      name: test
      sha256: "713a8789d62f3233c46b4a90b174737b2c04cb6ae4500f2aa8b1be8f03f5e67f"
      url: "https://pub.dev"
    source: hosted
    version: "1.25.8"
  test_api:
    dependency: transitive
    description:
      name: test_api
      sha256: "664d3a9a64782fcdeb83ce9c6b39e78fd2971d4e37827b9b06c3aa1edc5e760c"
      url: "https://pub.dev"
    source: hosted
    version: "0.7.3"
  test_core:
    dependency: transitive
    description:
      name: test_core
      sha256: "12391302411737c176b0b5d6491f466b0dd56d4763e347b6714efbaa74d7953d"
      url: "https://pub.dev"
    source: hosted
    version: "0.6.5"
  typed_data:
    dependency: transitive
    description:
      name: typed_data
      sha256: facc8d6582f16042dd49f2463ff1bd6e2c9ef9f3d5da3d9b087e244a7b564b3c
      url: "https://pub.dev"
    source: hosted
    version: "1.3.2"
  universal_io:
    dependency: transitive
    description:
      name: universal_io
      sha256: "1722b2dcc462b4b2f3ee7d188dad008b6eb4c40bbd03a3de451d82c78bba9aad"
      url: "https://pub.dev"
    source: hosted
    version: "2.2.2"
  url_launcher:
    dependency: "direct main"
    description:
      name: url_launcher
      sha256: f6a7e5c4835bb4e3026a04793a4199ca2d14c739ec378fdfe23fc8075d0439f8
      url: "https://pub.dev"
    source: hosted
    version: "6.3.2"
  url_launcher_android:
    dependency: transitive
    description:
      name: url_launcher_android
      sha256: "0aedad096a85b49df2e4725fa32118f9fa580f3b14af7a2d2221896a02cd5656"
      url: "https://pub.dev"
    source: hosted
    version: "6.3.17"
  url_launcher_ios:
    dependency: transitive
    description:
      name: url_launcher_ios
      sha256: "7f2022359d4c099eea7df3fdf739f7d3d3b9faf3166fb1dd390775176e0b76cb"
      url: "https://pub.dev"
    source: hosted
    version: "6.3.3"
  url_launcher_linux:
    dependency: transitive
    description:
      name: url_launcher_linux
      sha256: "4e9ba368772369e3e08f231d2301b4ef72b9ff87c31192ef471b380ef29a4935"
      url: "https://pub.dev"
    source: hosted
    version: "3.2.1"
  url_launcher_macos:
    dependency: transitive
    description:
      name: url_launcher_macos
      sha256: "17ba2000b847f334f16626a574c702b196723af2a289e7a93ffcb79acff855c2"
      url: "https://pub.dev"
    source: hosted
    version: "3.2.2"
  url_launcher_platform_interface:
    dependency: transitive
    description:
      name: url_launcher_platform_interface
      sha256: "552f8a1e663569be95a8190206a38187b531910283c3e982193e4f2733f01029"
      url: "https://pub.dev"
    source: hosted
    version: "2.3.2"
  url_launcher_web:
    dependency: transitive
    description:
      name: url_launcher_web
      sha256: "4bd2b7b4dc4d4d0b94e5babfffbca8eac1a126c7f3d6ecbc1a11013faa3abba2"
      url: "https://pub.dev"
    source: hosted
    version: "2.4.1"
  url_launcher_windows:
    dependency: transitive
    description:
      name: url_launcher_windows
      sha256: "3284b6d2ac454cf34f114e1d3319866fdd1e19cdc329999057e44ffe936cfa77"
      url: "https://pub.dev"
    source: hosted
    version: "3.1.4"
  uuid:
    dependency: transitive
    description:
      name: uuid
      sha256: "814e9e88f21a176ae1359149021870e87f7cddaf633ab678a5d2b0bff7fd1ba8"
      url: "https://pub.dev"
    source: hosted
    version: "4.4.0"
  vector_graphics:
    dependency: transitive
    description:
      name: vector_graphics
      sha256: a4f059dc26fc8295b5921376600a194c4ec7d55e72f2fe4c7d2831e103d461e6
      url: "https://pub.dev"
    source: hosted
    version: "1.1.19"
  vector_graphics_codec:
    dependency: transitive
    description:
      name: vector_graphics_codec
      sha256: "99fd9fbd34d9f9a32efd7b6a6aae14125d8237b10403b422a6a6dfeac2806146"
      url: "https://pub.dev"
    source: hosted
    version: "1.1.13"
  vector_graphics_compiler:
    dependency: transitive
    description:
      name: vector_graphics_compiler
      sha256: "557a315b7d2a6dbb0aaaff84d857967ce6bdc96a63dc6ee2a57ce5a6ee5d3331"
      url: "https://pub.dev"
    source: hosted
    version: "1.1.17"
  vector_math:
    dependency: transitive
    description:
      name: vector_math
      sha256: "80b3257d1492ce4d091729e3a67a60407d227c27241d6927be0130c98e741803"
      url: "https://pub.dev"
    source: hosted
    version: "2.1.4"
  vm_service:
    dependency: transitive
    description:
      name: vm_service
      sha256: f6be3ed8bd01289b34d679c2b62226f63c0e69f9fd2e50a6b3c1c729a961041b
      url: "https://pub.dev"
    source: hosted
    version: "14.3.0"
  watcher:
    dependency: transitive
    description:
      name: watcher
      sha256: "5bf046f41320ac97a469d506261797f35254fa61c641741ef32dacda98b7d39c"
      url: "https://pub.dev"
    source: hosted
    version: "1.1.3"
  web:
    dependency: transitive
    description:
      name: web
      sha256: "97da13628db363c635202ad97068d47c5b8aa555808e7a9411963c533b449b27"
      url: "https://pub.dev"
    source: hosted
    version: "0.5.1"
  web_socket:
    dependency: transitive
    description:
      name: web_socket
      sha256: "34d64019aa8e36bf9842ac014bb5d2f5586ca73df5e4d9bf5c936975cae6982c"
      url: "https://pub.dev"
    source: hosted
    version: "1.0.1"
  web_socket_channel:
    dependency: transitive
    description:
      name: web_socket_channel
      sha256: d645757fb0f4773d602444000a8131ff5d48c9e47adfe9772652dd1a4f2d45c8
      url: "https://pub.dev"
    source: hosted
    version: "3.0.3"
  webkit_inspection_protocol:
    dependency: transitive
    description:
      name: webkit_inspection_protocol
      sha256: "87d3f2333bb240704cd3f1c6b5b7acd8a10e7f0bc28c28dcf14e782014f4a572"
      url: "https://pub.dev"
    source: hosted
    version: "1.2.1"
  webview_flutter:
    dependency: "direct main"
    description:
      name: webview_flutter
      sha256: c3e4fe614b1c814950ad07186007eff2f2e5dd2935eba7b9a9a1af8e5885f1ba
      url: "https://pub.dev"
    source: hosted
    version: "4.13.0"
  webview_flutter_android:
    dependency: transitive
    description:
      name: webview_flutter_android
      sha256: f6e6afef6e234801da77170f7a1847ded8450778caf2fe13979d140484be3678
      url: "https://pub.dev"
    source: hosted
    version: "4.7.0"
  webview_flutter_platform_interface:
    dependency: transitive
    description:
      name: webview_flutter_platform_interface
      sha256: f0dc2dc3a2b1e3a6abdd6801b9355ebfeb3b8f6cde6b9dc7c9235909c4a1f147
      url: "https://pub.dev"
    source: hosted
    version: "2.13.1"
  webview_flutter_wkwebview:
    dependency: transitive
    description:
      name: webview_flutter_wkwebview
      sha256: a3d461fe3467014e05f3ac4962e5fdde2a4bf44c561cb53e9ae5c586600fdbc3
      url: "https://pub.dev"
    source: hosted
    version: "3.22.0"
  workmanager:
    dependency: "direct main"
    description:
      name: workmanager
      sha256: ed13530cccd28c5c9959ad42d657cd0666274ca74c56dea0ca183ddd527d3a00
      url: "https://pub.dev"
    source: hosted
    version: "0.5.2"
  xdg_directories:
    dependency: transitive
    description:
      name: xdg_directories
      sha256: "7a3f37b05d989967cdddcbb571f1ea834867ae2faa29725fd085180e0883aa15"
      url: "https://pub.dev"
    source: hosted
    version: "1.1.0"
  xml:
    dependency: transitive
    description:
      name: xml
      sha256: b015a8ad1c488f66851d762d3090a21c600e479dc75e68328c52774040cf9226
      url: "https://pub.dev"
    source: hosted
    version: "6.5.0"
  yaml:
    dependency: transitive
    description:
      name: yaml
      sha256: b9da305ac7c39faa3f030eccd175340f968459dae4af175130b3fc47e40d76ce
      url: "https://pub.dev"
    source: hosted
    version: "3.1.3"
sdks:
  dart: ">=3.6.0 <4.0.0"
  flutter: ">=3.27.0"
